
Microsoft Visual Studio Solution File, Format Version 12.00
# Visual Studio Version 17
VisualStudioVersion = 17.6.33815.320
MinimumVisualStudioVersion = 10.0.40219.1
Project("{9A19103F-16F7-4668-BE54-9A1E7A4F7556}") = "LogHub.Client", "LogHub\Client\LogHub.Client.csproj", "{CC4F4468-F97D-44BF-AA09-7ADB92242BA0}"
EndProject
Project("{9A19103F-16F7-4668-BE54-9A1E7A4F7556}") = "LogHub.Shared", "LogHub\Shared\LogHub.Shared.csproj", "{74546B6D-2F1F-4F2E-B9E0-52DFD8488BAA}"
EndProject
Project("{9A19103F-16F7-4668-BE54-9A1E7A4F7556}") = "LogHub.Domain", "LogHub\Domain\LogHub.Domain.csproj", "{D019968F-CD22-45C0-A3EA-EE150126E057}"
EndProject
Project("{9A19103F-16F7-4668-BE54-9A1E7A4F7556}") = "LogHub.Application", "LogHub\Application\LogHub.Application.csproj", "{FBE8CD0A-280C-4765-9D46-6C5F62F4DFB3}"
EndProject
Project("{9A19103F-16F7-4668-BE54-9A1E7A4F7556}") = "LogHub.Infrastructure", "LogHub\Infrastructure\LogHub.Infrastructure.csproj", "{3F2C4D0F-F4C4-4953-BFF3-31CD4516E735}"
EndProject
Project("{9A19103F-16F7-4668-BE54-9A1E7A4F7556}") = "LogHub.Persistence", "LogHub\Persistence\LogHub.Persistence.csproj", "{683A70B5-FCB3-40F2-B622-274100C41594}"
EndProject
Project("{2150E333-8FDC-42A3-9474-1A3956D46DE8}") = "src", "src", "{D7E19420-E8E2-4A62-8534-4C8589DEB636}"
EndProject
Project("{2150E333-8FDC-42A3-9474-1A3956D46DE8}") = "Client", "Client", "{1134C076-FFA8-4717-88FF-B155C6306E59}"
EndProject
Project("{2150E333-8FDC-42A3-9474-1A3956D46DE8}") = "Server", "Server", "{1608286F-B029-47AA-AC48-DFB9DE423E1F}"
EndProject
Project("{FAE04EC0-301F-11D3-BF4B-00C04F79EFBC}") = "LogHub.Web.API", "LogHub\Web.API\LogHub.Web.API.csproj", "{D3134948-6F61-439C-A753-FEB770F82919}"
EndProject
Global
	GlobalSection(SolutionConfigurationPlatforms) = preSolution
		Debug|Any CPU = Debug|Any CPU
		Release|Any CPU = Release|Any CPU
	EndGlobalSection
	GlobalSection(ProjectConfigurationPlatforms) = postSolution
		{CC4F4468-F97D-44BF-AA09-7ADB92242BA0}.Debug|Any CPU.ActiveCfg = Debug|Any CPU
		{CC4F4468-F97D-44BF-AA09-7ADB92242BA0}.Debug|Any CPU.Build.0 = Debug|Any CPU
		{CC4F4468-F97D-44BF-AA09-7ADB92242BA0}.Release|Any CPU.ActiveCfg = Release|Any CPU
		{CC4F4468-F97D-44BF-AA09-7ADB92242BA0}.Release|Any CPU.Build.0 = Release|Any CPU
		{74546B6D-2F1F-4F2E-B9E0-52DFD8488BAA}.Debug|Any CPU.ActiveCfg = Debug|Any CPU
		{74546B6D-2F1F-4F2E-B9E0-52DFD8488BAA}.Debug|Any CPU.Build.0 = Debug|Any CPU
		{74546B6D-2F1F-4F2E-B9E0-52DFD8488BAA}.Release|Any CPU.ActiveCfg = Release|Any CPU
		{74546B6D-2F1F-4F2E-B9E0-52DFD8488BAA}.Release|Any CPU.Build.0 = Release|Any CPU
		{D019968F-CD22-45C0-A3EA-EE150126E057}.Debug|Any CPU.ActiveCfg = Debug|Any CPU
		{D019968F-CD22-45C0-A3EA-EE150126E057}.Debug|Any CPU.Build.0 = Debug|Any CPU
		{D019968F-CD22-45C0-A3EA-EE150126E057}.Release|Any CPU.ActiveCfg = Release|Any CPU
		{D019968F-CD22-45C0-A3EA-EE150126E057}.Release|Any CPU.Build.0 = Release|Any CPU
		{FBE8CD0A-280C-4765-9D46-6C5F62F4DFB3}.Debug|Any CPU.ActiveCfg = Debug|Any CPU
		{FBE8CD0A-280C-4765-9D46-6C5F62F4DFB3}.Debug|Any CPU.Build.0 = Debug|Any CPU
		{FBE8CD0A-280C-4765-9D46-6C5F62F4DFB3}.Release|Any CPU.ActiveCfg = Release|Any CPU
		{FBE8CD0A-280C-4765-9D46-6C5F62F4DFB3}.Release|Any CPU.Build.0 = Release|Any CPU
		{3F2C4D0F-F4C4-4953-BFF3-31CD4516E735}.Debug|Any CPU.ActiveCfg = Debug|Any CPU
		{3F2C4D0F-F4C4-4953-BFF3-31CD4516E735}.Debug|Any CPU.Build.0 = Debug|Any CPU
		{3F2C4D0F-F4C4-4953-BFF3-31CD4516E735}.Release|Any CPU.ActiveCfg = Release|Any CPU
		{3F2C4D0F-F4C4-4953-BFF3-31CD4516E735}.Release|Any CPU.Build.0 = Release|Any CPU
		{683A70B5-FCB3-40F2-B622-274100C41594}.Debug|Any CPU.ActiveCfg = Debug|Any CPU
		{683A70B5-FCB3-40F2-B622-274100C41594}.Debug|Any CPU.Build.0 = Debug|Any CPU
		{683A70B5-FCB3-40F2-B622-274100C41594}.Release|Any CPU.ActiveCfg = Release|Any CPU
		{683A70B5-FCB3-40F2-B622-274100C41594}.Release|Any CPU.Build.0 = Release|Any CPU
		{D3134948-6F61-439C-A753-FEB770F82919}.Debug|Any CPU.ActiveCfg = Debug|Any CPU
		{D3134948-6F61-439C-A753-FEB770F82919}.Debug|Any CPU.Build.0 = Debug|Any CPU
		{D3134948-6F61-439C-A753-FEB770F82919}.Release|Any CPU.ActiveCfg = Release|Any CPU
		{D3134948-6F61-439C-A753-FEB770F82919}.Release|Any CPU.Build.0 = Release|Any CPU
	EndGlobalSection
	GlobalSection(SolutionProperties) = preSolution
		HideSolutionNode = FALSE
	EndGlobalSection
	GlobalSection(NestedProjects) = preSolution
		{CC4F4468-F97D-44BF-AA09-7ADB92242BA0} = {1134C076-FFA8-4717-88FF-B155C6306E59}
		{74546B6D-2F1F-4F2E-B9E0-52DFD8488BAA} = {1608286F-B029-47AA-AC48-DFB9DE423E1F}
		{D019968F-CD22-45C0-A3EA-EE150126E057} = {1608286F-B029-47AA-AC48-DFB9DE423E1F}
		{FBE8CD0A-280C-4765-9D46-6C5F62F4DFB3} = {1608286F-B029-47AA-AC48-DFB9DE423E1F}
		{3F2C4D0F-F4C4-4953-BFF3-31CD4516E735} = {1608286F-B029-47AA-AC48-DFB9DE423E1F}
		{683A70B5-FCB3-40F2-B622-274100C41594} = {1608286F-B029-47AA-AC48-DFB9DE423E1F}
		{1134C076-FFA8-4717-88FF-B155C6306E59} = {D7E19420-E8E2-4A62-8534-4C8589DEB636}
		{1608286F-B029-47AA-AC48-DFB9DE423E1F} = {D7E19420-E8E2-4A62-8534-4C8589DEB636}
		{D3134948-6F61-439C-A753-FEB770F82919} = {1608286F-B029-47AA-AC48-DFB9DE423E1F}
	EndGlobalSection
	GlobalSection(ExtensibilityGlobals) = postSolution
		SolutionGuid = {6232F976-FE50-4764-8FF9-58A2989A6BFD}
	EndGlobalSection
EndGlobal
