
Microsoft Visual Studio Solution File, Format Version 12.00
# Visual Studio Version 17
VisualStudioVersion = 17.6.33815.320
MinimumVisualStudioVersion = 10.0.40219.1
Project("{9A19103F-16F7-4668-BE54-9A1E7A4F7556}") = "ResHub.Server", "ResHub\Server\ResHub.Server.csproj", "{C3FCF104-F7F0-4440-878E-8C2087D5CBA3}"
EndProject
Project("{9A19103F-16F7-4668-BE54-9A1E7A4F7556}") = "ResHub.Client", "ResHub\Client\ResHub.Client.csproj", "{CC4F4468-F97D-44BF-AA09-7ADB92242BA0}"
EndProject
Project("{9A19103F-16F7-4668-BE54-9A1E7A4F7556}") = "ResHub.Shared", "ResHub\Shared\ResHub.Shared.csproj", "{74546B6D-2F1F-4F2E-B9E0-52DFD8488BAA}"
EndProject
Global
	GlobalSection(SolutionConfigurationPlatforms) = preSolution
		Debug|Any CPU = Debug|Any CPU
		Release|Any CPU = Release|Any CPU
	EndGlobalSection
	GlobalSection(ProjectConfigurationPlatforms) = postSolution
		{C3FCF104-F7F0-4440-878E-8C2087D5CBA3}.Debug|Any CPU.ActiveCfg = Debug|Any CPU
		{C3FCF104-F7F0-4440-878E-8C2087D5CBA3}.Debug|Any CPU.Build.0 = Debug|Any CPU
		{C3FCF104-F7F0-4440-878E-8C2087D5CBA3}.Release|Any CPU.ActiveCfg = Release|Any CPU
		{C3FCF104-F7F0-4440-878E-8C2087D5CBA3}.Release|Any CPU.Build.0 = Release|Any CPU
		{CC4F4468-F97D-44BF-AA09-7ADB92242BA0}.Debug|Any CPU.ActiveCfg = Debug|Any CPU
		{CC4F4468-F97D-44BF-AA09-7ADB92242BA0}.Debug|Any CPU.Build.0 = Debug|Any CPU
		{CC4F4468-F97D-44BF-AA09-7ADB92242BA0}.Release|Any CPU.ActiveCfg = Release|Any CPU
		{CC4F4468-F97D-44BF-AA09-7ADB92242BA0}.Release|Any CPU.Build.0 = Release|Any CPU
		{74546B6D-2F1F-4F2E-B9E0-52DFD8488BAA}.Debug|Any CPU.ActiveCfg = Debug|Any CPU
		{74546B6D-2F1F-4F2E-B9E0-52DFD8488BAA}.Debug|Any CPU.Build.0 = Debug|Any CPU
		{74546B6D-2F1F-4F2E-B9E0-52DFD8488BAA}.Release|Any CPU.ActiveCfg = Release|Any CPU
		{74546B6D-2F1F-4F2E-B9E0-52DFD8488BAA}.Release|Any CPU.Build.0 = Release|Any CPU
	EndGlobalSection
	GlobalSection(SolutionProperties) = preSolution
		HideSolutionNode = FALSE
	EndGlobalSection
	GlobalSection(ExtensibilityGlobals) = postSolution
		SolutionGuid = {6232F976-FE50-4764-8FF9-58A2989A6BFD}
	EndGlobalSection
EndGlobal
